
Microsoft Visual Studio Solution File, Format Version 12.00
# Visual Studio Version 17
VisualStudioVersion = 17.5.33414.496
MinimumVisualStudioVersion = 10.0.40219.1
Project("{FAE04EC0-301F-11D3-BF4B-00C04F79EFBC}") = "DxBall", "DxBall.csproj", "{2B89C821-CB4B-4430-AA02-DA5B3A1D4BB6}"
EndProject
Global
	GlobalSection(SolutionConfigurationPlatforms) = preSolution
		Debug|Any CPU = Debug|Any CPU
		Release|Any CPU = Release|Any CPU
	EndGlobalSection
	GlobalSection(ProjectConfigurationPlatforms) = postSolution
		{2B89C821-CB4B-4430-AA02-DA5B3A1D4BB6}.Debug|Any CPU.ActiveCfg = Debug|Any CPU
		{2B89C821-CB4B-4430-AA02-DA5B3A1D4BB6}.Debug|Any CPU.Build.0 = Debug|Any CPU
		{2B89C821-CB4B-4430-AA02-DA5B3A1D4BB6}.Release|Any CPU.ActiveCfg = Release|Any CPU
		{2B89C821-CB4B-4430-AA02-DA5B3A1D4BB6}.Release|Any CPU.Build.0 = Release|Any CPU
	EndGlobalSection
	GlobalSection(SolutionProperties) = preSolution
		HideSolutionNode = FALSE
	EndGlobalSection
	GlobalSection(ExtensibilityGlobals) = postSolution
		SolutionGuid = {CBEA653B-FC3F-4EA3-AF96-54B3684F23FC}
	EndGlobalSection
EndGlobal
